$NetBSD$

Bump vendored h2 crate to 0.4.16 to fix RUSTSEC-2026-0258 (unbounded
memory growth from empty DATA frames queued without limit).

--- Cargo.lock.orig
+++ Cargo.lock
@@ -2215,9 +2215,9 @@
 
 [[package]]
 name = "h2"
-version = "0.4.15"
+version = "0.4.16"
 source = "registry+https://github.com/rust-lang/crates.io-index"
-checksum = "6cb093c84e8bd9b188d4c4a8cb6579fc016968d14c99882163cd3ff402a4f155"
+checksum = "a9f37a958b41b3b19ee2707c06439c0e9e547e847223eb791ecb0cb821c65e27"
 dependencies = [
  "atomic-waker",
  "bytes",
