$NetBSD$

Switch to iced_glyphon fork for iced

--- Cargo.lock	2024-09-17 20:20:54.000000000 +0000
+++ Cargo.lock
@@ -1698,8 +1698,8 @@
 ]
 
 [[package]]
-name = "glyphon"
-version = "0.5.0"
+name = "iced_glyphon"
+version = "0.6.0"
 source = "git+https://github.com/hecrj/glyphon.git?rev=feef9f5630c2adb3528937e55f7bfad2da561a65#feef9f5630c2adb3528937e55f7bfad2da561a65"
 dependencies = [
  "cosmic-text",
@@ -2159,7 +2159,7 @@
  "bytemuck",
  "futures",
  "glam",
- "glyphon",
+ "iced_glyphon",
  "guillotiere",
  "iced_graphics",
  "log",
