$NetBSD$

Update Cargo.lock for portable-pty 0.8 -> 0.9 upgrade.
Removes serial, serial-unix, serial-core, serial-windows, termios-0.2.2,
ioctl-rs and nix-0.25.1; adds serial2.


--- Cargo.lock.orig
+++ Cargo.lock
@@ -2558,15 +2558,6 @@
 ]
 
 [[package]]
-name = "ioctl-rs"
-version = "0.1.6"
-source = "registry+https://github.com/rust-lang/crates.io-index"
-checksum = "f7970510895cee30b3e9128319f2cefd4bde883a39f38baa279567ba3a7eb97d"
-dependencies = [
- "libc",
-]
-
-[[package]]
 name = "ipnet"
 version = "2.11.0"
 source = "registry+https://github.com/rust-lang/crates.io-index"
@@ -3093,20 +3084,6 @@
 
 [[package]]
 name = "nix"
-version = "0.25.1"
-source = "registry+https://github.com/rust-lang/crates.io-index"
-checksum = "f346ff70e7dbfd675fe90590b92d59ef2de15a8779ae305ebcbfd3f0caf59be4"
-dependencies = [
- "autocfg",
- "bitflags 1.3.2",
- "cfg-if",
- "libc",
- "memoffset 0.6.5",
- "pin-utils",
-]
-
-[[package]]
-name = "nix"
 version = "0.28.0"
 source = "registry+https://github.com/rust-lang/crates.io-index"
 checksum = "ab2156c4fce2f8df6c499cc1c763e4394b7482525bf2a9701c9d79d215f519e4"
@@ -3617,9 +3594,9 @@
 
 [[package]]
 name = "portable-pty"
-version = "0.8.1"
+version = "0.9.0"
 source = "registry+https://github.com/rust-lang/crates.io-index"
-checksum = "806ee80c2a03dbe1a9fb9534f8d19e4c0546b790cde8fd1fea9d6390644cb0be"
+checksum = "b4a596a2b3d2752d94f51fac2d4a96737b8705dddd311a32b9af47211f08671e"
 dependencies = [
  "anyhow",
  "bitflags 1.3.2",
@@ -3628,8 +3605,8 @@
  "lazy_static",
  "libc",
  "log",
- "nix 0.25.1",
- "serial",
+ "nix 0.28.0",
+ "serial2",
  "shared_library",
  "shell-words",
  "winapi",
@@ -4575,48 +4552,17 @@
 ]
 
 [[package]]
-name = "serial"
-version = "0.4.0"
+name = "serial2"
+version = "0.2.37"
 source = "registry+https://github.com/rust-lang/crates.io-index"
-checksum = "a1237a96570fc377c13baa1b88c7589ab66edced652e43ffb17088f003db3e86"
+checksum = "9eb6ea5562eeaed6936b8b54e086aa0f88b9e5b1bef45beb038e2519fa1185b1"
 dependencies = [
- "serial-core",
- "serial-unix",
- "serial-windows",
-]
-
-[[package]]
-name = "serial-core"
-version = "0.4.0"
-source = "registry+https://github.com/rust-lang/crates.io-index"
-checksum = "3f46209b345401737ae2125fe5b19a77acce90cd53e1658cda928e4fe9a64581"
-dependencies = [
+ "cfg-if",
  "libc",
+ "windows-sys 0.61.2",
 ]
 
 [[package]]
-name = "serial-unix"
-version = "0.4.0"
-source = "registry+https://github.com/rust-lang/crates.io-index"
-checksum = "f03fbca4c9d866e24a459cbca71283f545a37f8e3e002ad8c70593871453cab7"
-dependencies = [
- "ioctl-rs",
- "libc",
- "serial-core",
- "termios 0.2.2",
-]
-
-[[package]]
-name = "serial-windows"
-version = "0.4.0"
-source = "registry+https://github.com/rust-lang/crates.io-index"
-checksum = "15c6d3b776267a75d31bbdfd5d36c0ca051251caafc285827052bc53bcdc8162"
-dependencies = [
- "libc",
- "serial-core",
-]
-
-[[package]]
 name = "sha1"
 version = "0.10.6"
 source = "registry+https://github.com/rust-lang/crates.io-index"
@@ -5004,15 +4950,6 @@
 
 [[package]]
 name = "termios"
-version = "0.2.2"
-source = "registry+https://github.com/rust-lang/crates.io-index"
-checksum = "d5d9cf598a6d7ce700a4e6a9199da127e6819a61e64b68609683cc9a01b5683a"
-dependencies = [
- "libc",
-]
-
-[[package]]
-name = "termios"
 version = "0.3.3"
 source = "registry+https://github.com/rust-lang/crates.io-index"
 checksum = "411c5bf740737c7918b8b1fe232dca4dc9f8e754b8ad5e20966814001ed0ac6b"
@@ -5049,7 +4986,7 @@
  "signal-hook",
  "siphasher",
  "terminfo",
- "termios 0.3.3",
+ "termios",
  "thiserror 1.0.69",
  "ucd-trie",
  "unicode-segmentation",
