$NetBSD$

Remove git source entries for vendored agentgrep and mermaid-rs-renderer
dependencies so that Cargo treats them as local path dependencies.

--- Cargo.lock.orig
+++ Cargo.lock
@@ -31,7 +31,6 @@
 [[package]]
 name = "agentgrep"
 version = "0.1.7"
-source = "git+https://github.com/1jehuang/agentgrep.git?tag=v0.1.7#525fc54117962f5f75f93cbffb53b8becf7b3add"
 dependencies = [
  "clap",
  "globset",
@@ -4899,7 +4898,6 @@
 [[package]]
 name = "mermaid-rs-renderer"
 version = "0.3.1"
-source = "git+https://github.com/1jehuang/mermaid-rs-renderer.git?tag=v0.3.1#2f993bd79a55235eb59a34d807852276ba25bea7"
 dependencies = [
  "anyhow",
  "clap",
